
Microsoft Visual Studio Solution File, Format Version 12.00
# Visual Studio 15
VisualStudioVersion = 15.0.27428.2037
MinimumVisualStudioVersion = 10.0.40219.1
Project("{FAE04EC0-301F-11D3-BF4B-00C04F79EFBC}") = "TranspaqServer", "TranspaqServer\TranspaqServer.csproj", "{432B33EC-0ABD-4CE7-AE37-E30C9664F363}"
EndProject
Global
	GlobalSection(SolutionConfigurationPlatforms) = preSolution
		Debug|Any CPU = Debug|Any CPU
		Release|Any CPU = Release|Any CPU
	EndGlobalSection
	GlobalSection(ProjectConfigurationPlatforms) = postSolution
		{432B33EC-0ABD-4CE7-AE37-E30C9664F363}.Debug|Any CPU.ActiveCfg = Debug|Any CPU
		{432B33EC-0ABD-4CE7-AE37-E30C9664F363}.Debug|Any CPU.Build.0 = Debug|Any CPU
		{432B33EC-0ABD-4CE7-AE37-E30C9664F363}.Release|Any CPU.ActiveCfg = Release|Any CPU
		{432B33EC-0ABD-4CE7-AE37-E30C9664F363}.Release|Any CPU.Build.0 = Release|Any CPU
	EndGlobalSection
	GlobalSection(SolutionProperties) = preSolution
		HideSolutionNode = FALSE
	EndGlobalSection
	GlobalSection(ExtensibilityGlobals) = postSolution
		SolutionGuid = {A24941AD-3061-4524-B6A3-997A76517C7F}
	EndGlobalSection
EndGlobal
